// !$*UTF8*$!
{
	archiveVersion = 1;
	classes = {
	};
	objectVersion = 46;
	objects = {

/* Begin PBXBuildFile section */
		38EFE8CC1F0AEFFA00133B06 /* AppDelegate.swift in Sources */ = {isa = PBXBuildFile; fileRef = 38EFE8CB1F0AEFFA00133B06 /* AppDelegate.swift */; };
		38EFE8CE1F0AEFFA00133B06 /* ViewController.swift in Sources */ = {isa = PBXBuildFile; fileRef = 38EFE8CD1F0AEFFA00133B06 /* ViewController.swift */; };
		38EFE8D11F0AEFFA00133B06 /* Main.storyboard in Resources */ = {isa = PBXBuildFile; fileRef = 38EFE8CF1F0AEFFA00133B06 /* Main.storyboard */; };
		38EFE8D31F0AEFFA00133B06 /* Assets.xcassets in Resources */ = {isa = PBXBuildFile; fileRef = 38EFE8D21F0AEFFA00133B06 /* Assets.xcassets */; };
		38EFE8D61F0AEFFA00133B06 /* LaunchScreen.storyboard in Resources */ = {isa = PBXBuildFile; fileRef = 38EFE8D41F0AEFFA00133B06 /* LaunchScreen.storyboard */; };
		F56A312EADDDD59FA6BA4958 /* Pods_Days_to_Coachella.framework in Frameworks */ = {isa = PBXBuildFile; fileRef = AC608C0407FA9D6CA0C2FA39 /* Pods_Days_to_Coachella.framework */; };
/* End PBXBuildFile section */

/* Begin PBXFileReference section */
		38EFE8C81F0AEFFA00133B06 /* Days to Coachella.app */ = {isa = PBXFileReference; explicitFileType = wrapper.application; includeInIndex = 0; path = "Days to Coachella.app"; sourceTree = BUILT_PRODUCTS_DIR; };
		38EFE8CB1F0AEFFA00133B06 /* AppDelegate.swift */ = {isa = PBXFileReference; lastKnownFileType = sourcecode.swift; path = AppDelegate.swift; sourceTree = "<group>"; };
		38EFE8CD1F0AEFFA00133B06 /* ViewController.swift */ = {isa = PBXFileReference; lastKnownFileType = sourcecode.swift; path = ViewController.swift; sourceTree = "<group>"; };
		38EFE8D01F0AEFFA00133B06 /* Base */ = {isa = PBXFileReference; lastKnownFileType = file.storyboard; name = Base; path = Base.lproj/Main.storyboard; sourceTree = "<group>"; };
		38EFE8D21F0AEFFA00133B06 /* Assets.xcassets */ = {isa = PBXFileReference; lastKnownFileType = folder.assetcatalog; path = Assets.xcassets; sourceTree = "<group>"; };
		38EFE8D51F0AEFFA00133B06 /* Base */ = {isa = PBXFileReference; lastKnownFileType = file.storyboard; name = Base; path = Base.lproj/LaunchScreen.storyboard; sourceTree = "<group>"; };
		38EFE8D71F0AEFFA00133B06 /* Info.plist */ = {isa = PBXFileReference; lastKnownFileType = text.plist.xml; path = Info.plist; sourceTree = "<group>"; };
		81694F822F2532019F7910A3 /* Pods-Days to Coachella.release.xcconfig */ = {isa = PBXFileReference; includeInIndex = 1; lastKnownFileType = text.xcconfig; name = "Pods-Days to Coachella.release.xcconfig"; path = "Pods/Target Support Files/Pods-Days to Coachella/Pods-Days to Coachella.release.xcconfig"; sourceTree = "<group>"; };
		85334AA1EA7CA6369D680981 /* Pods-Days to Coachella.debug.xcconfig */ = {isa = PBXFileReference; includeInIndex = 1; lastKnownFileType = text.xcconfig; name = "Pods-Days to Coachella.debug.xcconfig"; path = "Pods/Target Support Files/Pods-Days to Coachella/Pods-Days to Coachella.debug.xcconfig"; sourceTree = "<group>"; };
		AC608C0407FA9D6CA0C2FA39 /* Pods_Days_to_Coachella.framework */ = {isa = PBXFileReference; explicitFileType = wrapper.framework; includeInIndex = 0; path = Pods_Days_to_Coachella.framework; sourceTree = BUILT_PRODUCTS_DIR; };
/* End PBXFileReference section */

/* Begin PBXFrameworksBuildPhase section */
		38EFE8C51F0AEFFA00133B06 /* Frameworks */ = {
			isa = PBXFrameworksBuildPhase;
			buildActionMask = 2147483647;
			files = (
				F56A312EADDDD59FA6BA4958 /* Pods_Days_to_Coachella.framework in Frameworks */,
			);
			runOnlyForDeploymentPostprocessing = 0;
		};
/* End PBXFrameworksBuildPhase section */

/* Begin PBXGroup section */
		09EF9032AC018CE8A8904984 /* Pods */ = {
			isa = PBXGroup;
			children = (
				85334AA1EA7CA6369D680981 /* Pods-Days to Coachella.debug.xcconfig */,
				81694F822F2532019F7910A3 /* Pods-Days to Coachella.release.xcconfig */,
			);
			name = Pods;
			sourceTree = "<group>";
		};
		1B4AA5D48DF22071F85A944C /* Frameworks */ = {
			isa = PBXGroup;
			children = (
				AC608C0407FA9D6CA0C2FA39 /* Pods_Days_to_Coachella.framework */,
			);
			name = Frameworks;
			sourceTree = "<group>";
		};
		38EFE8BF1F0AEFFA00133B06 = {
			isa = PBXGroup;
			children = (
				38EFE8CA1F0AEFFA00133B06 /* Days to Coachella */,
				38EFE8C91F0AEFFA00133B06 /* Products */,
				09EF9032AC018CE8A8904984 /* Pods */,
				1B4AA5D48DF22071F85A944C /* Frameworks */,
			);
			sourceTree = "<group>";
		};
		38EFE8C91F0AEFFA00133B06 /* Products */ = {
			isa = PBXGroup;
			children = (
				38EFE8C81F0AEFFA00133B06 /* Days to Coachella.app */,
			);
			name = Products;
			sourceTree = "<group>";
		};
		38EFE8CA1F0AEFFA00133B06 /* Days to Coachella */ = {
			isa = PBXGroup;
			children = (
				38EFE8CB1F0AEFFA00133B06 /* AppDelegate.swift */,
				38EFE8CD1F0AEFFA00133B06 /* ViewController.swift */,
				38EFE8CF1F0AEFFA00133B06 /* Main.storyboard */,
				38EFE8D21F0AEFFA00133B06 /* Assets.xcassets */,
				38EFE8D41F0AEFFA00133B06 /* LaunchScreen.storyboard */,
				38EFE8D71F0AEFFA00133B06 /* Info.plist */,
			);
			path = "Days to Coachella";
			sourceTree = "<group>";
		};
/* End PBXGroup section */

/* Begin PBXNativeTarget section */
		38EFE8C71F0AEFFA00133B06 /* Days to Coachella */ = {
			isa = PBXNativeTarget;
			buildConfigurationList = 38EFE8DA1F0AEFFA00133B06 /* Build configuration list for PBXNativeTarget "Days to Coachella" */;
			buildPhases = (
				3D8331DD9C68E95E58486DBB /* [CP] Check Pods Manifest.lock */,
				38EFE8C41F0AEFFA00133B06 /* Sources */,
				38EFE8C51F0AEFFA00133B06 /* Frameworks */,
				38EFE8C61F0AEFFA00133B06 /* Resources */,
				216CA9F5DADDBCD33AB1BD50 /* [CP] Embed Pods Frameworks */,
				6E912F34944B97CF05094D81 /* [CP] Copy Pods Resources */,
			);
			buildRules = (
			);
			dependencies = (
			);
			name = "Days to Coachella";
			productName = "Days to Coachella";
			productReference = 38EFE8C81F0AEFFA00133B06 /* Days to Coachella.app */;
			productType = "com.apple.product-type.application";
		};
/* End PBXNativeTarget section */

/* Begin PBXProject section */
		38EFE8C01F0AEFFA00133B06 /* Project object */ = {
			isa = PBXProject;
			attributes = {
				LastSwiftUpdateCheck = 0830;
				LastUpgradeCheck = 0830;
				ORGANIZATIONNAME = "Caelan Dailey";
				TargetAttributes = {
					38EFE8C71F0AEFFA00133B06 = {
						CreatedOnToolsVersion = 8.3.3;
						DevelopmentTeam = N3VBXEQWW6;
						ProvisioningStyle = Automatic;
					};
				};
			};
			buildConfigurationList = 38EFE8C31F0AEFFA00133B06 /* Build configuration list for PBXProject "Days to Coachella" */;
			compatibilityVersion = "Xcode 3.2";
			developmentRegion = English;
			hasScannedForEncodings = 0;
			knownRegions = (
				en,
				Base,
			);
			mainGroup = 38EFE8BF1F0AEFFA00133B06;
			productRefGroup = 38EFE8C91F0AEFFA00133B06 /* Products */;
			projectDirPath = "";
			projectRoot = "";
			targets = (
				38EFE8C71F0AEFFA00133B06 /* Days to Coachella */,
			);
		};
/* End PBXProject section */

/* Begin PBXResourcesBuildPhase section */
		38EFE8C61F0AEFFA00133B06 /* Resources */ = {
			isa = PBXResourcesBuildPhase;
			buildActionMask = 2147483647;
			files = (
				38EFE8D61F0AEFFA00133B06 /* LaunchScreen.storyboard in Resources */,
				38EFE8D31F0AEFFA00133B06 /* Assets.xcassets in Resources */,
				38EFE8D11F0AEFFA00133B06 /* Main.storyboard in Resources */,
			);
			runOnlyForDeploymentPostprocessing = 0;
		};
/* End PBXResourcesBuildPhase section */

/* Begin PBXShellScriptBuildPhase section */
		216CA9F5DADDBCD33AB1BD50 /* [CP] Embed Pods Frameworks */ = {
			isa = PBXShellScriptBuildPhase;
			buildActionMask = 2147483647;
			files = (
			);
			inputPaths = (
			);
			name = "[CP] Embed Pods Frameworks";
			outputPaths = (
			);
			runOnlyForDeploymentPostprocessing = 0;
			shellPath = /bin/sh;
			shellScript = "\"${SRCROOT}/Pods/Target Support Files/Pods-Days to Coachella/Pods-Days to Coachella-frameworks.sh\"\n";
			showEnvVarsInLog = 0;
		};
		3D8331DD9C68E95E58486DBB /* [CP] Check Pods Manifest.lock */ = {
			isa = PBXShellScriptBuildPhase;
			buildActionMask = 2147483647;
			files = (
			);
			inputPaths = (
			);
			name = "[CP] Check Pods Manifest.lock";
			outputPaths = (
			);
			runOnlyForDeploymentPostprocessing = 0;
			shellPath = /bin/sh;
			shellScript = "diff \"${PODS_PODFILE_DIR_PATH}/Podfile.lock\" \"${PODS_ROOT}/Manifest.lock\" > /dev/null\nif [ $? != 0 ] ; then\n    # print error to STDERR\n    echo \"error: The sandbox is not in sync with the Podfile.lock. Run 'pod install' or update your CocoaPods installation.\" >&2\n    exit 1\nfi\n";
			showEnvVarsInLog = 0;
		};
		6E912F34944B97CF05094D81 /* [CP] Copy Pods Resources */ = {
			isa = PBXShellScriptBuildPhase;
			buildActionMask = 2147483647;
			files = (
			);
			inputPaths = (
			);
			name = "[CP] Copy Pods Resources";
			outputPaths = (
			);
			runOnlyForDeploymentPostprocessing = 0;
			shellPath = /bin/sh;
			shellScript = "\"${SRCROOT}/Pods/Target Support Files/Pods-Days to Coachella/Pods-Days to Coachella-resources.sh\"\n";
			showEnvVarsInLog = 0;
		};
/* End PBXShellScriptBuildPhase section */

/* Begin PBXSourcesBuildPhase section */
		38EFE8C41F0AEFFA00133B06 /* Sources */ = {
			isa = PBXSourcesBuildPhase;
			buildActionMask = 2147483647;
			files = (
				38EFE8CE1F0AEFFA00133B06 /* ViewController.swift in Sources */,
				38EFE8CC1F0AEFFA00133B06 /* AppDelegate.swift in Sources */,
			);
			runOnlyForDeploymentPostprocessing = 0;
		};
/* End PBXSourcesBuildPhase section */

/* Begin PBXVariantGroup section */
		38EFE8CF1F0AEFFA00133B06 /* Main.storyboard */ = {
			isa = PBXVariantGroup;
			children = (
				38EFE8D01F0AEFFA00133B06 /* Base */,
			);
			name = Main.storyboard;
			sourceTree = "<group>";
		};
		38EFE8D41F0AEFFA00133B06 /* LaunchScreen.storyboard */ = {
			isa = PBXVariantGroup;
			children = (
				38EFE8D51F0AEFFA00133B06 /* Base */,
			);
			name = LaunchScreen.storyboard;
			sourceTree = "<group>";
		};
/* End PBXVariantGroup section */

/* Begin XCBuildConfiguration section */
		38EFE8D81F0AEFFA00133B06 /* Debug */ = {
			isa = XCBuildConfiguration;
			buildSettings = {
				ALWAYS_SEARCH_USER_PATHS = NO;
				CLANG_ANALYZER_NONNULL = YES;
				CLANG_ANALYZER_NUMBER_OBJECT_CONVERSION = YES_AGGRESSIVE;
				CLANG_CXX_LANGUAGE_STANDARD = "gnu++0x";
				CLANG_CXX_LIBRARY = "libc++";
				CLANG_ENABLE_MODULES = YES;
				CLANG_ENABLE_OBJC_ARC = YES;
				CLANG_WARN_BOOL_CONVERSION = YES;
				CLANG_WARN_CONSTANT_CONVERSION = YES;
				CLANG_WARN_DIRECT_OBJC_ISA_USAGE = YES_ERROR;
				CLANG_WARN_DOCUMENTATION_COMMENTS = YES;
				CLANG_WARN_EMPTY_BODY = YES;
				CLANG_WARN_ENUM_CONVERSION = YES;
				CLANG_WARN_INFINITE_RECURSION = YES;
				CLANG_WARN_INT_CONVERSION = YES;
				CLANG_WARN_OBJC_ROOT_CLASS = YES_ERROR;
				CLANG_WARN_SUSPICIOUS_MOVE = YES;
				CLANG_WARN_UNREACHABLE_CODE = YES;
				CLANG_WARN__DUPLICATE_METHOD_MATCH = YES;
				"CODE_SIGN_IDENTITY[sdk=iphoneos*]" = "iPhone Developer";
				COPY_PHASE_STRIP = NO;
				DEBUG_INFORMATION_FORMAT = dwarf;
				ENABLE_STRICT_OBJC_MSGSEND = YES;
				ENABLE_TESTABILITY = YES;
				GCC_C_LANGUAGE_STANDARD = gnu99;
				GCC_DYNAMIC_NO_PIC = NO;
				GCC_NO_COMMON_BLOCKS = YES;
				GCC_OPTIMIZATION_LEVEL = 0;
				GCC_PREPROCESSOR_DEFINITIONS = (
					"DEBUG=1",
					"$(inherited)",
				);
				GCC_WARN_64_TO_32_BIT_CONVERSION = YES;
				GCC_WARN_ABOUT_RETURN_TYPE = YES_ERROR;
				GCC_WARN_UNDECLARED_SELECTOR = YES;
				GCC_WARN_UNINITIALIZED_AUTOS = YES_AGGRESSIVE;
				GCC_WARN_UNUSED_FUNCTION = YES;
				GCC_WARN_UNUSED_VARIABLE = YES;
				IPHONEOS_DEPLOYMENT_TARGET = 10.3;
				MTL_ENABLE_DEBUG_INFO = YES;
				ONLY_ACTIVE_ARCH = YES;
				SDKROOT = iphoneos;
				SWIFT_ACTIVE_COMPILATION_CONDITIONS = DEBUG;
				SWIFT_OPTIMIZATION_LEVEL = "-Onone";
			};
			name = Debug;
		};
		38EFE8D91F0AEFFA00133B06 /* Release */ = {
			isa = XCBuildConfiguration;
			buildSettings = {
				ALWAYS_SEARCH_USER_PATHS = NO;
				CLANG_ANALYZER_NONNULL = YES;
				CLANG_ANALYZER_NUMBER_OBJECT_CONVERSION = YES_AGGRESSIVE;
				CLANG_CXX_LANGUAGE_STANDARD = "gnu++0x";
				CLANG_CXX_LIBRARY = "libc++";
				CLANG_ENABLE_MODULES = YES;
				CLANG_ENABLE_OBJC_ARC = YES;
				CLANG_WARN_BOOL_CONVERSION = YES;
				CLANG_WARN_CONSTANT_CONVERSION = YES;
				CLANG_WARN_DIRECT_OBJC_ISA_USAGE = YES_ERROR;
				CLANG_WARN_DOCUMENTATION_COMMENTS = YES;
				CLANG_WARN_EMPTY_BODY = YES;
				CLANG_WARN_ENUM_CONVERSION = YES;
				CLANG_WARN_INFINITE_RECURSION = YES;
				CLANG_WARN_INT_CONVERSION = YES;
				CLANG_WARN_OBJC_ROOT_CLASS = YES_ERROR;
				CLANG_WARN_SUSPICIOUS_MOVE = YES;
				CLANG_WARN_UNREACHABLE_CODE = YES;
				CLANG_WARN__DUPLICATE_METHOD_MATCH = YES;
				"CODE_SIGN_IDENTITY[sdk=iphoneos*]" = "iPhone Developer";
				COPY_PHASE_STRIP = NO;
				DEBUG_INFORMATION_FORMAT = "dwarf-with-dsym";
				ENABLE_NS_ASSERTIONS = NO;
				ENABLE_STRICT_OBJC_MSGSEND = YES;
				GCC_C_LANGUAGE_STANDARD = gnu99;
				GCC_NO_COMMON_BLOCKS = YES;
				GCC_WARN_64_TO_32_BIT_CONVERSION = YES;
				GCC_WARN_ABOUT_RETURN_TYPE = YES_ERROR;
				GCC_WARN_UNDECLARED_SELECTOR = YES;
				GCC_WARN_UNINITIALIZED_AUTOS = YES_AGGRESSIVE;
				GCC_WARN_UNUSED_FUNCTION = YES;
				GCC_WARN_UNUSED_VARIABLE = YES;
				IPHONEOS_DEPLOYMENT_TARGET = 10.3;
				MTL_ENABLE_DEBUG_INFO = NO;
				SDKROOT = iphoneos;
				SWIFT_OPTIMIZATION_LEVEL = "-Owholemodule";
				VALIDATE_PRODUCT = YES;
			};
			name = Release;
		};
		38EFE8DB1F0AEFFA00133B06 /* Debug */ = {
			isa = XCBuildConfiguration;
			baseConfigurationReference = 85334AA1EA7CA6369D680981 /* Pods-Days to Coachella.debug.xcconfig */;
			buildSettings = {
				ASSETCATALOG_COMPILER_APPICON_NAME = AppIcon;
				DEVELOPMENT_TEAM = N3VBXEQWW6;
				INFOPLIST_FILE = "Days to Coachella/Info.plist";
				LD_RUNPATH_SEARCH_PATHS = "$(inherited) @executable_path/Frameworks";
				PRODUCT_BUNDLE_IDENTIFIER = "csd.Days-to-Coachella";
				PRODUCT_NAME = "$(TARGET_NAME)";
				SWIFT_VERSION = 3.0;
			};
			name = Debug;
		};
		38EFE8DC1F0AEFFA00133B06 /* Release */ = {
			isa = XCBuildConfiguration;
			baseConfigurationReference = 81694F822F2532019F7910A3 /* Pods-Days to Coachella.release.xcconfig */;
			buildSettings = {
				ASSETCATALOG_COMPILER_APPICON_NAME = AppIcon;
				DEVELOPMENT_TEAM = N3VBXEQWW6;
				INFOPLIST_FILE = "Days to Coachella/Info.plist";
				LD_RUNPATH_SEARCH_PATHS = "$(inherited) @executable_path/Frameworks";
				PRODUCT_BUNDLE_IDENTIFIER = "csd.Days-to-Coachella";
				PRODUCT_NAME = "$(TARGET_NAME)";
				SWIFT_VERSION = 3.0;
			};
			name = Release;
		};
/* End XCBuildConfiguration section */

/* Begin XCConfigurationList section */
		38EFE8C31F0AEFFA00133B06 /* Build configuration list for PBXProject "Days to Coachella" */ = {
			isa = XCConfigurationList;
			buildConfigurations = (
				38EFE8D81F0AEFFA00133B06 /* Debug */,
				38EFE8D91F0AEFFA00133B06 /* Release */,
			);
			defaultConfigurationIsVisible = 0;
			defaultConfigurationName = Release;
		};
		38EFE8DA1F0AEFFA00133B06 /* Build configuration list for PBXNativeTarget "Days to Coachella" */ = {
			isa = XCConfigurationList;
			buildConfigurations = (
				38EFE8DB1F0AEFFA00133B06 /* Debug */,
				38EFE8DC1F0AEFFA00133B06 /* Release */,
			);
			defaultConfigurationIsVisible = 0;
		};
/* End XCConfigurationList section */
	};
	rootObject = 38EFE8C01F0AEFFA00133B06 /* Project object */;
}
